<?xml version="1.0" encoding="utf-8"?>
<Project ToolsVersion="4.0" xmlns="http://schemas.microsoft.com/developer/msbuild/2003">
  <ItemGroup>
    <Filter Include="Source Files">
      <UniqueIdentifier>{4FC737F1-C7A5-4376-A066-2A32D752A2FF}</UniqueIdentifier>
      <Extensions>cpp;c;cc;cxx;c++;cppm;ixx;def;odl;idl;hpj;bat;asm;asmx</Extensions>
    </Filter>
    <Filter Include="Header Files">
      <UniqueIdentifier>{93995380-89BD-4b04-88EB-625FBE52EBFB}</UniqueIdentifier>
      <Extensions>h;hh;hpp;hxx;h++;hm;inl;inc;ipp;xsd</Extensions>
    </Filter>
    <Filter Include="Resource Files">
      <UniqueIdentifier>{67DA6AB6-F800-4c08-8B7A-83BB121AAD01}</UniqueIdentifier>
      <Extensions>rc;ico;cur;bmp;dlg;rc2;rct;bin;rgs;gif;jpg;jpeg;jpe;resx;tiff;tif;png;wav;mfcribbon-ms</Extensions>
    </Filter>
    <Filter Include="Source Files\Il2Cpp">
      <UniqueIdentifier>{af619183-71ab-4c38-a0d5-e5422042a83a}</UniqueIdentifier>
    </Filter>
    <Filter Include="Source Files\Il2Cpp\src">
      <UniqueIdentifier>{bf5a9f45-e8c1-45cd-bc89-c078b6b73972}</UniqueIdentifier>
    </Filter>
  </ItemGroup>
  <ItemGroup>
    <ClCompile Include="dllmain.cpp">
      <Filter>Source Files</Filter>
    </ClCompile>
    <ClCompile Include="Il2Cpp\Il2Cpp.cpp">
      <Filter>Source Files\Il2Cpp</Filter>
    </ClCompile>
  </ItemGroup>
  <ItemGroup>
    <ClInclude Include="log.h">
      <Filter>Source Files</Filter>
    </ClInclude>
    <ClInclude Include="Il2Cpp\Il2Cpp.h">
      <Filter>Source Files\Il2Cpp</Filter>
    </ClInclude>
    <ClInclude Include="Il2Cpp\src\il2cpp-api-functions.h">
      <Filter>Source Files\Il2Cpp\src</Filter>
    </ClInclude>
    <ClInclude Include="Il2Cpp\src\il2cpp-class.h">
      <Filter>Source Files\Il2Cpp\src</Filter>
    </ClInclude>
    <ClInclude Include="Il2Cpp\src\il2cpp-tabledefs.h">
      <Filter>Source Files\Il2Cpp\src</Filter>
    </ClInclude>
  </ItemGroup>
</Project>